
Microsoft Visual Studio Solution File, Format Version 12.00
# Visual Studio 2013
VisualStudioVersion = 12.0.21005.1
MinimumVisualStudioVersion = 10.0.40219.1
Project("{E24C65DC-7377-472B-9ABA-BC803B73C61A}") = "GKOW", "http://localhost:4184", "{16C1EF7A-C22C-441C-8376-090E5BD31034}"
	ProjectSection(WebsiteProperties) = preProject
		UseIISExpress = "true"
		TargetFrameworkMoniker = ".NETFramework,Version%3Dv4.0"
		Debug.AspNetCompiler.VirtualPath = "/localhost_4184"
		Debug.AspNetCompiler.PhysicalPath = "GKOW\"
		Debug.AspNetCompiler.TargetPath = "PrecompiledWeb\localhost_4184\"
		Debug.AspNetCompiler.Updateable = "true"
		Debug.AspNetCompiler.ForceOverwrite = "true"
		Debug.AspNetCompiler.FixedNames = "false"
		Debug.AspNetCompiler.Debug = "True"
		Release.AspNetCompiler.VirtualPath = "/localhost_4184"
		Release.AspNetCompiler.PhysicalPath = "GKOW\"
		Release.AspNetCompiler.TargetPath = "PrecompiledWeb\localhost_4184\"
		Release.AspNetCompiler.Updateable = "true"
		Release.AspNetCompiler.ForceOverwrite = "true"
		Release.AspNetCompiler.FixedNames = "false"
		Release.AspNetCompiler.Debug = "False"
		SlnRelativePath = "GKOW\"
	EndProjectSection
EndProject
Project("{FAE04EC0-301F-11D3-BF4B-00C04F79EFBC}") = "GKOW.Utilities", "GKOW.Utilities\GKOW.Utilities.csproj", "{6C6BC09D-ABFD-4834-A1FA-A8E90B2E6E04}"
EndProject
Project("{FAE04EC0-301F-11D3-BF4B-00C04F79EFBC}") = "GKOW.DistanceAPI", "GKOW.DistanceAPI\GKOW.DistanceAPI.csproj", "{C3DCFF4D-1CB9-4A55-98DF-7E71B8D03111}"
EndProject
Project("{FAE04EC0-301F-11D3-BF4B-00C04F79EFBC}") = "GKOW.Entities", "GKOW.Entities\GKOW.Entities.csproj", "{E84D96EE-5E7A-4491-80CB-92BEFDEC4B05}"
EndProject
Project("{FAE04EC0-301F-11D3-BF4B-00C04F79EFBC}") = "GKOW.Data", "GKOW.Data\GKOW.Data.csproj", "{902BDEC4-181D-49CB-8974-D5714A97B502}"
EndProject
Project("{FAE04EC0-301F-11D3-BF4B-00C04F79EFBC}") = "GKOW.MartjackAPI", "GKOW.MartjackAPI\GKOW.MartjackAPI.csproj", "{85AD32AE-DDC9-4DA7-8B26-A1AED2344EC2}"
EndProject
Global
	GlobalSection(SolutionConfigurationPlatforms) = preSolution
		Debug|Any CPU = Debug|Any CPU
		Release|Any CPU = Release|Any CPU
	EndGlobalSection
	GlobalSection(ProjectConfigurationPlatforms) = postSolution
		{16C1EF7A-C22C-441C-8376-090E5BD31034}.Debug|Any CPU.ActiveCfg = Debug|Any CPU
		{16C1EF7A-C22C-441C-8376-090E5BD31034}.Debug|Any CPU.Build.0 = Debug|Any CPU
		{16C1EF7A-C22C-441C-8376-090E5BD31034}.Release|Any CPU.ActiveCfg = Debug|Any CPU
		{16C1EF7A-C22C-441C-8376-090E5BD31034}.Release|Any CPU.Build.0 = Debug|Any CPU
		{6C6BC09D-ABFD-4834-A1FA-A8E90B2E6E04}.Debug|Any CPU.ActiveCfg = Debug|Any CPU
		{6C6BC09D-ABFD-4834-A1FA-A8E90B2E6E04}.Debug|Any CPU.Build.0 = Debug|Any CPU
		{6C6BC09D-ABFD-4834-A1FA-A8E90B2E6E04}.Release|Any CPU.ActiveCfg = Release|Any CPU
		{6C6BC09D-ABFD-4834-A1FA-A8E90B2E6E04}.Release|Any CPU.Build.0 = Release|Any CPU
		{C3DCFF4D-1CB9-4A55-98DF-7E71B8D03111}.Debug|Any CPU.ActiveCfg = Debug|Any CPU
		{C3DCFF4D-1CB9-4A55-98DF-7E71B8D03111}.Debug|Any CPU.Build.0 = Debug|Any CPU
		{C3DCFF4D-1CB9-4A55-98DF-7E71B8D03111}.Release|Any CPU.ActiveCfg = Release|Any CPU
		{C3DCFF4D-1CB9-4A55-98DF-7E71B8D03111}.Release|Any CPU.Build.0 = Release|Any CPU
		{E84D96EE-5E7A-4491-80CB-92BEFDEC4B05}.Debug|Any CPU.ActiveCfg = Debug|Any CPU
		{E84D96EE-5E7A-4491-80CB-92BEFDEC4B05}.Debug|Any CPU.Build.0 = Debug|Any CPU
		{E84D96EE-5E7A-4491-80CB-92BEFDEC4B05}.Release|Any CPU.ActiveCfg = Release|Any CPU
		{E84D96EE-5E7A-4491-80CB-92BEFDEC4B05}.Release|Any CPU.Build.0 = Release|Any CPU
		{902BDEC4-181D-49CB-8974-D5714A97B502}.Debug|Any CPU.ActiveCfg = Debug|Any CPU
		{902BDEC4-181D-49CB-8974-D5714A97B502}.Debug|Any CPU.Build.0 = Debug|Any CPU
		{902BDEC4-181D-49CB-8974-D5714A97B502}.Release|Any CPU.ActiveCfg = Release|Any CPU
		{902BDEC4-181D-49CB-8974-D5714A97B502}.Release|Any CPU.Build.0 = Release|Any CPU
		{85AD32AE-DDC9-4DA7-8B26-A1AED2344EC2}.Debug|Any CPU.ActiveCfg = Debug|Any CPU
		{85AD32AE-DDC9-4DA7-8B26-A1AED2344EC2}.Debug|Any CPU.Build.0 = Debug|Any CPU
		{85AD32AE-DDC9-4DA7-8B26-A1AED2344EC2}.Release|Any CPU.ActiveCfg = Release|Any CPU
		{85AD32AE-DDC9-4DA7-8B26-A1AED2344EC2}.Release|Any CPU.Build.0 = Release|Any CPU
	EndGlobalSection
	GlobalSection(SolutionProperties) = preSolution
		HideSolutionNode = FALSE
	EndGlobalSection
EndGlobal
